PODS:
  - AFNetworking (3.1.0):
    - AFNetworking/NSURLSession (= 3.1.0)
    - AFNetworking/Reachability (= 3.1.0)
    - AFNetworking/Security (= 3.1.0)
    - AFNetworking/Serialization (= 3.1.0)
    - AFNetworking/UIKit (= 3.1.0)
  - AFNetworking/NSURLSession (3.1.0):
    - AFNetworking/Reachability
    - AFNetworking/Security
    - AFNetworking/Serialization
  - AFNetworking/Reachability (3.1.0)
  - AFNetworking/Security (3.1.0)
  - AFNetworking/Serialization (3.1.0)
  - AFNetworking/UIKit (3.1.0):
    - AFNetworking/NSURLSession
  - AlicloudFeedback (3.2.2):
    - AlicloudUT
    - AlicloudUtils
  - AlicloudUT (5.2.0.1):
    - AlicloudUTDID
  - AlicloudUTDID (1.1.0.16)
  - AlicloudUtils (1.2.2):
    - AlicloudUT
    - AlicloudUTDID
  - AsyncDisplayKit (2.2.1):
    - AsyncDisplayKit/PINRemoteImage (= 2.2.1)
  - AsyncDisplayKit/Core (2.2.1)
  - AsyncDisplayKit/PINRemoteImage (2.2.1):
    - AsyncDisplayKit/Core
    - PINRemoteImage/iOS (= 3.0.0-beta.8)
    - PINRemoteImage/PINCache
  - ChameleonFramework (2.1.0):
    - ChameleonFramework/Default (= 2.1.0)
  - ChameleonFramework/Default (2.1.0)
  - DZNEmptyDataSet (1.8.1)
  - GTSDK (2.1.0.0)
  - IQKeyboardManager (5.0.7)
  - MBProgressHUD (1.1.0)
  - MMDrawerController (0.5.7):
    - MMDrawerController/Core (= 0.5.7)
    - MMDrawerController/MMDrawerBarButtonItem (= 0.5.7)
    - MMDrawerController/MMDrawerVisualStates (= 0.5.7)
    - MMDrawerController/Subclass (= 0.5.7)
  - MMDrawerController/Core (0.5.7)
  - MMDrawerController/MMDrawerBarButtonItem (0.5.7):
    - MMDrawerController/Core
  - MMDrawerController/MMDrawerVisualStates (0.5.7):
    - MMDrawerController/Core
  - MMDrawerController/Subclass (0.5.7):
    - MMDrawerController/Core
  - PINCache (3.0.1-beta.4):
    - PINCache/Arc-exception-safe (= 3.0.1-beta.4)
    - PINCache/Core (= 3.0.1-beta.4)
  - PINCache/Arc-exception-safe (3.0.1-beta.4):
    - PINCache/Core
  - PINCache/Core (3.0.1-beta.4):
    - PINOperation (= 1.0.3)
  - PINOperation (1.0.3)
  - PINRemoteImage/Core (3.0.0-beta.8)
  - PINRemoteImage/iOS (3.0.0-beta.8):
    - PINRemoteImage/Core
  - PINRemoteImage/PINCache (3.0.0-beta.8):
    - PINCache (= 3.0.1-beta.4)
    - PINRemoteImage/Core
  - pop (1.0.10)
  - ReactiveObjC (3.1.0)
  - SDCycleScrollView (1.75):
    - SDWebImage (>= 4.0.0)
  - SDWebImage (4.2.3):
    - SDWebImage/Core (= 4.2.3)
  - SDWebImage/Core (4.2.3)
  - SVProgressHUD (2.2.2)
  - UMengAnalytics (4.2.4)
  - YYModel (1.0.4)

DEPENDENCIES:
  - AFNetworking (~> 3.0)
  - AlicloudFeedback (~> 3.2.0)
  - AsyncDisplayKit
  - ChameleonFramework
  - DZNEmptyDataSet
  - GTSDK
  - IQKeyboardManager
  - MBProgressHUD
  - MMDrawerController (~> 0.5.7)
  - pop
  - ReactiveObjC
  - SDCycleScrollView
  - SDWebImage
  - SVProgressHUD
  - UMengAnalytics
  - YYModel

SPEC CHECKSUMS:
  AFNetworking: 5e0e199f73d8626b11e79750991f5d173d1f8b67
  AlicloudFeedback: 0887b49a73d6fc172f4a986cae1f92ae4100341e
  AlicloudUT: 9f20dcfd2753de09261b6c279245da1650a34932
  AlicloudUTDID: f5a7bc1420c5f83e3bd40296e5ab2e5a804a12f8
  AlicloudUtils: 2437ae7fd2b39343539e8f48aa1f7bf6f5a6cff1
  AsyncDisplayKit: 2234dd8d8770a5ed72936b3f8394bd5a807765f6
  ChameleonFramework: d21a3cc247abfe5e37609a283a8238b03575cf64
  DZNEmptyDataSet: 9525833b9e68ac21c30253e1d3d7076cc828eaa7
  GTSDK: e4bbd1073ec69471decff20f77a5df90a771824d
  IQKeyboardManager: 0bfa4607d39924116b5c0c8b55b5d789288b5cba
  MBProgressHUD: e7baa36a220447d8aeb12769bf0585582f3866d9
  MMDrawerController: 7a4cf8e25596bf2434e03ce50d22a8608ddee6a1
  PINCache: a89c8f609232afac77128557bd12c861844423d7
  PINOperation: ac23db44796d4a564ecf9b5ea7163510f579b71d
  PINRemoteImage: c4f9f16932840c597f32e69dd288e10e111a1929
  pop: 82ca6b068ce9278fd350fd9dd09482a0ce9492e6
  ReactiveObjC: 2a38ea15335de4119d8b17caf1db1484f61db902
  SDCycleScrollView: 884b88f0266dd4708a0e1934975c69cb971707b1
  SDWebImage: 791bb72962b3492327ddcac4b1880bd1b5458431
  SVProgressHUD: 59b2d3dabacbd051576d21d32293ca7228dc18b0
  UMengAnalytics: ef8d45f94c0e5771dc364cf6a5731d9d3b101da2
  YYModel: 2a7fdd96aaa4b86a824e26d0c517de8928c04b30

PODFILE CHECKSUM: ef0af0bf49dcc3115505bf900c3f5e0be8121a7d

COCOAPODS: 1.4.0.rc.1
